
Microsoft Visual Studio Solution File, Format Version 12.00
# Visual Studio 14
VisualStudioVersion = 14.0.25420.1
MinimumVisualStudioVersion = 10.0.40219.1
Project("{FAE04EC0-301F-11D3-BF4B-00C04F79EFBC}") = "DG.API.ENTITY", "DG.API.ENTITY\DG.API.ENTITY.csproj", "{94E8C0B9-8865-449E-8E53-8B01CE468084}"
EndProject
Project("{FAE04EC0-301F-11D3-BF4B-00C04F79EFBC}") = "DG.API.SERVICE", "DG.API.SERVICE\DG.API.SERVICE.csproj", "{01EFC480-E42B-460C-824D-2BB4EB0A533D}"
EndProject
Global
	GlobalSection(SolutionConfigurationPlatforms) = preSolution
		Debug|Any CPU = Debug|Any CPU
		Release|Any CPU = Release|Any CPU
	EndGlobalSection
	GlobalSection(ProjectConfigurationPlatforms) = postSolution
		{94E8C0B9-8865-449E-8E53-8B01CE468084}.Debug|Any CPU.ActiveCfg = Debug|Any CPU
		{94E8C0B9-8865-449E-8E53-8B01CE468084}.Debug|Any CPU.Build.0 = Debug|Any CPU
		{94E8C0B9-8865-449E-8E53-8B01CE468084}.Release|Any CPU.ActiveCfg = Release|Any CPU
		{94E8C0B9-8865-449E-8E53-8B01CE468084}.Release|Any CPU.Build.0 = Release|Any CPU
		{01EFC480-E42B-460C-824D-2BB4EB0A533D}.Debug|Any CPU.ActiveCfg = Debug|Any CPU
		{01EFC480-E42B-460C-824D-2BB4EB0A533D}.Debug|Any CPU.Build.0 = Debug|Any CPU
		{01EFC480-E42B-460C-824D-2BB4EB0A533D}.Release|Any CPU.ActiveCfg = Release|Any CPU
		{01EFC480-E42B-460C-824D-2BB4EB0A533D}.Release|Any CPU.Build.0 = Release|Any CPU
	EndGlobalSection
	GlobalSection(SolutionProperties) = preSolution
		HideSolutionNode = FALSE
	EndGlobalSection
	GlobalSection(ExtensibilityGlobals) = postSolution
		SolutionGuid = {83A84861-D461-465B-B4B0-B144EAD8FA02}
	EndGlobalSection
EndGlobal
